{
  "name": "the-good-parts",
  "version": "0.1.0",
  "lockfileVersion": 3,
  "requires": true,
  "packages": {
    "": {
      "name": "the-good-parts",
      "version": "0.1.0",
      "devDependencies": {
        "planck": "1.5.0",
        "playwright-core": "1.63.0"
      }
    },
    "node_modules/planck": {
      "version": "1.5.0",
      "resolved": "https://registry.npmjs.org/planck/-/planck-1.5.0.tgz",
      "integrity": "sha512-dlvqJE+FscZgrGUXJ5ybd0o5bvZ5XXyZNbm08xGsXp9WjXeAyWSFT6n9s/1PQcUBo4546fDXA5RMA4wbDyZw6g==",
      "dev": true,
      "license": "MIT",
      "engines": {
        "node": ">=24.0"
      },
      "peerDependencies": {
        "stage-js": "^1.0.0-alpha.12"
      }
    },
    "node_modules/playwright-core": {
      "version": "1.63.0",
      "resolved": "https://registry.npmjs.org/playwright-core/-/playwright-core-1.63.0.tgz",
      "integrity": "sha512-rYCsBF/M5HjUch52bbtVONEFjv6Xu8sm8h72dNlR5bzIE1fvC/bxgspzkjSfU+MweEMmPM8KJebG6nnyxo5mCg==",
      "dev": true,
      "license": "Apache-2.0",
      "bin": {
        "playwright-core": "cli.js"
      },
      "engines": {
        "node": ">=20"
      }
    },
    "node_modules/stage-js": {
      "version": "1.0.1",
      "resolved": "https://registry.npmjs.org/stage-js/-/stage-js-1.0.1.tgz",
      "integrity": "sha512-cz14aPp/wY0s3bkb/B93BPP5ZAEhgBbRmAT3CCDqert8eCAqIpQ0RB2zpK8Ksxf+Pisl5oTzvPHtL4CVzzeHcw==",
      "dev": true,
      "license": "MIT",
      "peer": true,
      "engines": {
        "node": ">=18.0"
      }
    }
  }
}
